
Microsoft Visual Studio Solution File, Format Version 12.00
Project("{FAE04EC0-301F-11D3-BF4B-00C04F79EFBC}") = "Jeto.Basel.WebApi", "Jeto.Basel.WebApi\Jeto.Basel.WebApi.csproj", "{32C68A86-4C3A-4D4D-B917-F93E9BE4EF28}"
EndProject
Project("{2150E333-8FDC-42A3-9474-1A3956D46DE8}") = "1.Presentation", "1.Presentation", "{7877B8C6-10ED-4426-B499-99C776A4FEC9}"
EndProject
Project("{2150E333-8FDC-42A3-9474-1A3956D46DE8}") = "2.Business", "2.Business", "{8D67D7CA-FB38-44D6-9B48-599652B0FAA5}"
EndProject
Project("{FAE04EC0-301F-11D3-BF4B-00C04F79EFBC}") = "Jeto.Basel.Application", "Jeto.Basel.Application\Jeto.Basel.Application.csproj", "{B474A4C0-874B-4605-B623-ED18EB2F21F0}"
EndProject
Project("{FAE04EC0-301F-11D3-BF4B-00C04F79EFBC}") = "Jeto.Basel.Domain", "Jeto.Basel.Domain\Jeto.Basel.Domain.csproj", "{BC5D1E61-2235-4888-825D-E2E25A731D34}"
EndProject
Project("{FAE04EC0-301F-11D3-BF4B-00C04F79EFBC}") = "Jeto.Basel.Data", "Jeto.Basel.Data\Jeto.Basel.Data.csproj", "{A2675B74-7064-4161-8E25-1E62A7BFDFE0}"
EndProject
Project("{FAE04EC0-301F-11D3-BF4B-00C04F79EFBC}") = "Jeto.Basel.Container", "Jeto.Basel.Container\Jeto.Basel.Container.csproj", "{E0CF88AD-E0DE-474E-B499-D43B207E3B5F}"
EndProject
Project("{FAE04EC0-301F-11D3-BF4B-00C04F79EFBC}") = "Jeto.Basel.Common", "Jeto.Basel.Common\Jeto.Basel.Common.csproj", "{66631041-6FFD-4529-93EE-5B65739D444C}"
EndProject
Global
	GlobalSection(SolutionConfigurationPlatforms) = preSolution
		Debug|Any CPU = Debug|Any CPU
		Release|Any CPU = Release|Any CPU
	EndGlobalSection
	GlobalSection(ProjectConfigurationPlatforms) = postSolution
		{32C68A86-4C3A-4D4D-B917-F93E9BE4EF28}.Debug|Any CPU.ActiveCfg = Debug|Any CPU
		{32C68A86-4C3A-4D4D-B917-F93E9BE4EF28}.Debug|Any CPU.Build.0 = Debug|Any CPU
		{32C68A86-4C3A-4D4D-B917-F93E9BE4EF28}.Release|Any CPU.ActiveCfg = Release|Any CPU
		{32C68A86-4C3A-4D4D-B917-F93E9BE4EF28}.Release|Any CPU.Build.0 = Release|Any CPU
		{B474A4C0-874B-4605-B623-ED18EB2F21F0}.Debug|Any CPU.ActiveCfg = Debug|Any CPU
		{B474A4C0-874B-4605-B623-ED18EB2F21F0}.Debug|Any CPU.Build.0 = Debug|Any CPU
		{B474A4C0-874B-4605-B623-ED18EB2F21F0}.Release|Any CPU.ActiveCfg = Release|Any CPU
		{B474A4C0-874B-4605-B623-ED18EB2F21F0}.Release|Any CPU.Build.0 = Release|Any CPU
		{BC5D1E61-2235-4888-825D-E2E25A731D34}.Debug|Any CPU.ActiveCfg = Debug|Any CPU
		{BC5D1E61-2235-4888-825D-E2E25A731D34}.Debug|Any CPU.Build.0 = Debug|Any CPU
		{BC5D1E61-2235-4888-825D-E2E25A731D34}.Release|Any CPU.ActiveCfg = Release|Any CPU
		{BC5D1E61-2235-4888-825D-E2E25A731D34}.Release|Any CPU.Build.0 = Release|Any CPU
		{A2675B74-7064-4161-8E25-1E62A7BFDFE0}.Debug|Any CPU.ActiveCfg = Debug|Any CPU
		{A2675B74-7064-4161-8E25-1E62A7BFDFE0}.Debug|Any CPU.Build.0 = Debug|Any CPU
		{A2675B74-7064-4161-8E25-1E62A7BFDFE0}.Release|Any CPU.ActiveCfg = Release|Any CPU
		{A2675B74-7064-4161-8E25-1E62A7BFDFE0}.Release|Any CPU.Build.0 = Release|Any CPU
		{E0CF88AD-E0DE-474E-B499-D43B207E3B5F}.Debug|Any CPU.ActiveCfg = Debug|Any CPU
		{E0CF88AD-E0DE-474E-B499-D43B207E3B5F}.Debug|Any CPU.Build.0 = Debug|Any CPU
		{E0CF88AD-E0DE-474E-B499-D43B207E3B5F}.Release|Any CPU.ActiveCfg = Release|Any CPU
		{E0CF88AD-E0DE-474E-B499-D43B207E3B5F}.Release|Any CPU.Build.0 = Release|Any CPU
		{66631041-6FFD-4529-93EE-5B65739D444C}.Debug|Any CPU.ActiveCfg = Debug|Any CPU
		{66631041-6FFD-4529-93EE-5B65739D444C}.Debug|Any CPU.Build.0 = Debug|Any CPU
		{66631041-6FFD-4529-93EE-5B65739D444C}.Release|Any CPU.ActiveCfg = Release|Any CPU
		{66631041-6FFD-4529-93EE-5B65739D444C}.Release|Any CPU.Build.0 = Release|Any CPU
	EndGlobalSection
	GlobalSection(NestedProjects) = preSolution
		{32C68A86-4C3A-4D4D-B917-F93E9BE4EF28} = {7877B8C6-10ED-4426-B499-99C776A4FEC9}
		{B474A4C0-874B-4605-B623-ED18EB2F21F0} = {8D67D7CA-FB38-44D6-9B48-599652B0FAA5}
		{BC5D1E61-2235-4888-825D-E2E25A731D34} = {8D67D7CA-FB38-44D6-9B48-599652B0FAA5}
		{A2675B74-7064-4161-8E25-1E62A7BFDFE0} = {8D67D7CA-FB38-44D6-9B48-599652B0FAA5}
		{E0CF88AD-E0DE-474E-B499-D43B207E3B5F} = {8D67D7CA-FB38-44D6-9B48-599652B0FAA5}
		{66631041-6FFD-4529-93EE-5B65739D444C} = {8D67D7CA-FB38-44D6-9B48-599652B0FAA5}
	EndGlobalSection
EndGlobal
